
Microsoft Visual Studio Solution File, Format Version 12.00
# Visual Studio Version 16
VisualStudioVersion = 16.0.30804.86
MinimumVisualStudioVersion = 10.0.40219.1
Project("{FAE04EC0-301F-11D3-BF4B-00C04F79EFBC}") = "MongoDemo.WebApi", "MongoDemo.WebApi\MongoDemo.WebApi.csproj", "{04C3B4EB-D87B-4689-A971-8E451859B616}"
EndProject
Global
	GlobalSection(SolutionConfigurationPlatforms) = preSolution
		Debug|Any CPU = Debug|Any CPU
		Release|Any CPU = Release|Any CPU
	EndGlobalSection
	GlobalSection(ProjectConfigurationPlatforms) = postSolution
		{04C3B4EB-D87B-4689-A971-8E451859B616}.Debug|Any CPU.ActiveCfg = Debug|Any CPU
		{04C3B4EB-D87B-4689-A971-8E451859B616}.Debug|Any CPU.Build.0 = Debug|Any CPU
		{04C3B4EB-D87B-4689-A971-8E451859B616}.Release|Any CPU.ActiveCfg = Release|Any CPU
		{04C3B4EB-D87B-4689-A971-8E451859B616}.Release|Any CPU.Build.0 = Release|Any CPU
	EndGlobalSection
	GlobalSection(SolutionProperties) = preSolution
		HideSolutionNode = FALSE
	EndGlobalSection
	GlobalSection(ExtensibilityGlobals) = postSolution
		SolutionGuid = {B97E7866-E55D-4510-8B9F-29FA31107F69}
	EndGlobalSection
EndGlobal
